
Microsoft Visual Studio Solution File, Format Version 12.00
# Visual Studio Version 17
VisualStudioVersion = 17.8.34330.188
MinimumVisualStudioVersion = 10.0.40219.1
Project("{9A19103F-16F7-4668-BE54-9A1E7A4F7556}") = "BlazorApp3.Server", "BlazorApp3\Server\BlazorApp3.Server.csproj", "{9896ED7F-5953-47AF-B127-D506494B3F71}"
EndProject
Project("{9A19103F-16F7-4668-BE54-9A1E7A4F7556}") = "BlazorApp3.Client", "BlazorApp3\Client\BlazorApp3.Client.csproj", "{840FAA9A-E570-4E7A-8E89-18E6F691D9FF}"
EndProject
Project("{9A19103F-16F7-4668-BE54-9A1E7A4F7556}") = "BlazorApp3.Shared", "BlazorApp3\Shared\BlazorApp3.Shared.csproj", "{4F8D7EE7-8CE5-413D-88DA-1ED026CF29EC}"
EndProject
Global
	GlobalSection(SolutionConfigurationPlatforms) = preSolution
		Debug|Any CPU = Debug|Any CPU
		Release|Any CPU = Release|Any CPU
	EndGlobalSection
	GlobalSection(ProjectConfigurationPlatforms) = postSolution
		{9896ED7F-5953-47AF-B127-D506494B3F71}.Debug|Any CPU.ActiveCfg = Debug|Any CPU
		{9896ED7F-5953-47AF-B127-D506494B3F71}.Debug|Any CPU.Build.0 = Debug|Any CPU
		{9896ED7F-5953-47AF-B127-D506494B3F71}.Release|Any CPU.ActiveCfg = Release|Any CPU
		{9896ED7F-5953-47AF-B127-D506494B3F71}.Release|Any CPU.Build.0 = Release|Any CPU
		{840FAA9A-E570-4E7A-8E89-18E6F691D9FF}.Debug|Any CPU.ActiveCfg = Debug|Any CPU
		{840FAA9A-E570-4E7A-8E89-18E6F691D9FF}.Debug|Any CPU.Build.0 = Debug|Any CPU
		{840FAA9A-E570-4E7A-8E89-18E6F691D9FF}.Release|Any CPU.ActiveCfg = Release|Any CPU
		{840FAA9A-E570-4E7A-8E89-18E6F691D9FF}.Release|Any CPU.Build.0 = Release|Any CPU
		{4F8D7EE7-8CE5-413D-88DA-1ED026CF29EC}.Debug|Any CPU.ActiveCfg = Debug|Any CPU
		{4F8D7EE7-8CE5-413D-88DA-1ED026CF29EC}.Debug|Any CPU.Build.0 = Debug|Any CPU
		{4F8D7EE7-8CE5-413D-88DA-1ED026CF29EC}.Release|Any CPU.ActiveCfg = Release|Any CPU
		{4F8D7EE7-8CE5-413D-88DA-1ED026CF29EC}.Release|Any CPU.Build.0 = Release|Any CPU
	EndGlobalSection
	GlobalSection(SolutionProperties) = preSolution
		HideSolutionNode = FALSE
	EndGlobalSection
	GlobalSection(ExtensibilityGlobals) = postSolution
		SolutionGuid = {1FA201FE-18BD-4727-9E58-A1416184687D}
	EndGlobalSection
EndGlobal
